// !$*UTF8*$!
{
	archiveVersion = 1;
	classes = {
	};
	objectVersion = 50;
	objects = {

/* Begin PBXBuildFile section */
		B630BD12238BEF460054C2E3 /* Kixr.h in Headers */ = {isa = PBXBuildFile; fileRef = B630BD10238BEF460054C2E3 /* Kixr.h */; settings = {ATTRIBUTES = (Public, ); }; };
		B630BD34238BF1770054C2E3 /* AppDelegate.swift in Sources */ = {isa = PBXBuildFile; fileRef = B630BD33238BF1770054C2E3 /* AppDelegate.swift */; };
		B630BD36238BF1770054C2E3 /* ViewController.swift in Sources */ = {isa = PBXBuildFile; fileRef = B630BD35238BF1770054C2E3 /* ViewController.swift */; };
		B630BD39238BF1770054C2E3 /* Main.storyboard in Resources */ = {isa = PBXBuildFile; fileRef = B630BD37238BF1770054C2E3 /* Main.storyboard */; };
		B630BD3B238BF1780054C2E3 /* Assets.xcassets in Resources */ = {isa = PBXBuildFile; fileRef = B630BD3A238BF1780054C2E3 /* Assets.xcassets */; };
		B630BD3E238BF1780054C2E3 /* LaunchScreen.storyboard in Resources */ = {isa = PBXBuildFile; fileRef = B630BD3C238BF1780054C2E3 /* LaunchScreen.storyboard */; };
/* End PBXBuildFile section */

/* Begin PBXFileReference section */
		B630BD0D238BEF460054C2E3 /* Kixr.framework */ = {isa = PBXFileReference; explicitFileType = wrapper.framework; includeInIndex = 0; path = Kixr.framework; sourceTree = BUILT_PRODUCTS_DIR; };
		B630BD10238BEF460054C2E3 /* Kixr.h */ = {isa = PBXFileReference; lastKnownFileType = sourcecode.c.h; path = Kixr.h; sourceTree = "<group>"; };
		B630BD11238BEF460054C2E3 /* Info.plist */ = {isa = PBXFileReference; lastKnownFileType = text.plist.xml; path = Info.plist; sourceTree = "<group>"; };
		B630BD31238BF1770054C2E3 /* KixrExample.app */ = {isa = PBXFileReference; explicitFileType = wrapper.application; includeInIndex = 0; path = KixrExample.app; sourceTree = BUILT_PRODUCTS_DIR; };
		B630BD33238BF1770054C2E3 /* AppDelegate.swift */ = {isa = PBXFileReference; lastKnownFileType = sourcecode.swift; path = AppDelegate.swift; sourceTree = "<group>"; };
		B630BD35238BF1770054C2E3 /* ViewController.swift */ = {isa = PBXFileReference; lastKnownFileType = sourcecode.swift; path = ViewController.swift; sourceTree = "<group>"; };
		B630BD38238BF1770054C2E3 /* Base */ = {isa = PBXFileReference; lastKnownFileType = file.storyboard; name = Base; path = Base.lproj/Main.storyboard; sourceTree = "<group>"; };
		B630BD3A238BF1780054C2E3 /* Assets.xcassets */ = {isa = PBXFileReference; lastKnownFileType = folder.assetcatalog; path = Assets.xcassets; sourceTree = "<group>"; };
		B630BD3D238BF1780054C2E3 /* Base */ = {isa = PBXFileReference; lastKnownFileType = file.storyboard; name = Base; path = Base.lproj/LaunchScreen.storyboard; sourceTree = "<group>"; };
		B630BD3F238BF1780054C2E3 /* Info.plist */ = {isa = PBXFileReference; lastKnownFileType = text.plist.xml; path = Info.plist; sourceTree = "<group>"; };
/* End PBXFileReference section */

/* Begin PBXFrameworksBuildPhase section */
		B630BD0A238BEF460054C2E3 /* Frameworks */ = {
			isa = PBXFrameworksBuildPhase;
			buildActionMask = 2147483647;
			files = (
			);
			runOnlyForDeploymentPostprocessing = 0;
		};
		B630BD2E238BF1770054C2E3 /* Frameworks */ = {
			isa = PBXFrameworksBuildPhase;
			buildActionMask = 2147483647;
			files = (
			);
			runOnlyForDeploymentPostprocessing = 0;
		};
/* End PBXFrameworksBuildPhase section */

/* Begin PBXGroup section */
		B630BD03238BEF460054C2E3 = {
			isa = PBXGroup;
			children = (
				B630BD0F238BEF460054C2E3 /* Kixr */,
				B630BD32238BF1770054C2E3 /* KixrExample */,
				B630BD0E238BEF460054C2E3 /* Products */,
			);
			sourceTree = "<group>";
		};
		B630BD0E238BEF460054C2E3 /* Products */ = {
			isa = PBXGroup;
			children = (
				B630BD0D238BEF460054C2E3 /* Kixr.framework */,
				B630BD31238BF1770054C2E3 /* KixrExample.app */,
			);
			name = Products;
			sourceTree = "<group>";
		};
		B630BD0F238BEF460054C2E3 /* Kixr */ = {
			isa = PBXGroup;
			children = (
				B630BD10238BEF460054C2E3 /* Kixr.h */,
				B630BD11238BEF460054C2E3 /* Info.plist */,
			);
			path = Kixr;
			sourceTree = "<group>";
		};
		B630BD32238BF1770054C2E3 /* KixrExample */ = {
			isa = PBXGroup;
			children = (
				B630BD33238BF1770054C2E3 /* AppDelegate.swift */,
				B630BD35238BF1770054C2E3 /* ViewController.swift */,
				B630BD37238BF1770054C2E3 /* Main.storyboard */,
				B630BD3A238BF1780054C2E3 /* Assets.xcassets */,
				B630BD3C238BF1780054C2E3 /* LaunchScreen.storyboard */,
				B630BD3F238BF1780054C2E3 /* Info.plist */,
			);
			path = KixrExample;
			sourceTree = "<group>";
		};
/* End PBXGroup section */

/* Begin PBXHeadersBuildPhase section */
		B630BD08238BEF460054C2E3 /* Headers */ = {
			isa = PBXHeadersBuildPhase;
			buildActionMask = 2147483647;
			files = (
				B630BD12238BEF460054C2E3 /* Kixr.h in Headers */,
			);
			runOnlyForDeploymentPostprocessing = 0;
		};
/* End PBXHeadersBuildPhase section */

/* Begin PBXNativeTarget section */
		B630BD0C238BEF460054C2E3 /* Kixr */ = {
			isa = PBXNativeTarget;
			buildConfigurationList = B630BD15238BEF460054C2E3 /* Build configuration list for PBXNativeTarget "Kixr" */;
			buildPhases = (
				B630BD08238BEF460054C2E3 /* Headers */,
				B630BD09238BEF460054C2E3 /* Sources */,
				B630BD0A238BEF460054C2E3 /* Frameworks */,
				B630BD0B238BEF460054C2E3 /* Resources */,
			);
			buildRules = (
			);
			dependencies = (
			);
			name = Kixr;
			productName = Kixr;
			productReference = B630BD0D238BEF460054C2E3 /* Kixr.framework */;
			productType = "com.apple.product-type.framework";
		};
		B630BD30238BF1770054C2E3 /* KixrExample */ = {
			isa = PBXNativeTarget;
			buildConfigurationList = B630BD42238BF1780054C2E3 /* Build configuration list for PBXNativeTarget "KixrExample" */;
			buildPhases = (
				B630BD2D238BF1770054C2E3 /* Sources */,
				B630BD2E238BF1770054C2E3 /* Frameworks */,
				B630BD2F238BF1770054C2E3 /* Resources */,
			);
			buildRules = (
			);
			dependencies = (
			);
			name = KixrExample;
			productName = KixrExample;
			productReference = B630BD31238BF1770054C2E3 /* KixrExample.app */;
			productType = "com.apple.product-type.application";
		};
/* End PBXNativeTarget section */

/* Begin PBXProject section */
		B630BD04238BEF460054C2E3 /* Project object */ = {
			isa = PBXProject;
			attributes = {
				LastSwiftUpdateCheck = 1010;
				LastUpgradeCheck = 1010;
				ORGANIZATIONNAME = krishna;
				TargetAttributes = {
					B630BD0C238BEF460054C2E3 = {
						CreatedOnToolsVersion = 10.1;
					};
					B630BD30238BF1770054C2E3 = {
						CreatedOnToolsVersion = 10.1;
					};
				};
			};
			buildConfigurationList = B630BD07238BEF460054C2E3 /* Build configuration list for PBXProject "Kixr" */;
			compatibilityVersion = "Xcode 9.3";
			developmentRegion = en;
			hasScannedForEncodings = 0;
			knownRegions = (
				en,
				Base,
			);
			mainGroup = B630BD03238BEF460054C2E3;
			productRefGroup = B630BD0E238BEF460054C2E3 /* Products */;
			projectDirPath = "";
			projectRoot = "";
			targets = (
				B630BD0C238BEF460054C2E3 /* Kixr */,
				B630BD30238BF1770054C2E3 /* KixrExample */,
			);
		};
/* End PBXProject section */

/* Begin PBXResourcesBuildPhase section */
		B630BD0B238BEF460054C2E3 /* Resources */ = {
			isa = PBXResourcesBuildPhase;
			buildActionMask = 2147483647;
			files = (
			);
			runOnlyForDeploymentPostprocessing = 0;
		};
		B630BD2F238BF1770054C2E3 /* Resources */ = {
			isa = PBXResourcesBuildPhase;
			buildActionMask = 2147483647;
			files = (
				B630BD3E238BF1780054C2E3 /* LaunchScreen.storyboard in Resources */,
				B630BD3B238BF1780054C2E3 /* Assets.xcassets in Resources */,
				B630BD39238BF1770054C2E3 /* Main.storyboard in Resources */,
			);
			runOnlyForDeploymentPostprocessing = 0;
		};
/* End PBXResourcesBuildPhase section */

/* Begin PBXSourcesBuildPhase section */
		B630BD09238BEF460054C2E3 /* Sources */ = {
			isa = PBXSourcesBuildPhase;
			buildActionMask = 2147483647;
			files = (
			);
			runOnlyForDeploymentPostprocessing = 0;
		};
		B630BD2D238BF1770054C2E3 /* Sources */ = {
			isa = PBXSourcesBuildPhase;
			buildActionMask = 2147483647;
			files = (
				B630BD36238BF1770054C2E3 /* ViewController.swift in Sources */,
				B630BD34238BF1770054C2E3 /* AppDelegate.swift in Sources */,
			);
			runOnlyForDeploymentPostprocessing = 0;
		};
/* End PBXSourcesBuildPhase section */

/* Begin PBXVariantGroup section */
		B630BD37238BF1770054C2E3 /* Main.storyboard */ = {
			isa = PBXVariantGroup;
			children = (
				B630BD38238BF1770054C2E3 /* Base */,
			);
			name = Main.storyboard;
			sourceTree = "<group>";
		};
		B630BD3C238BF1780054C2E3 /* LaunchScreen.storyboard */ = {
			isa = PBXVariantGroup;
			children = (
				B630BD3D238BF1780054C2E3 /* Base */,
			);
			name = LaunchScreen.storyboard;
			sourceTree = "<group>";
		};
/* End PBXVariantGroup section */

/* Begin XCBuildConfiguration section */
		B630BD13238BEF460054C2E3 /* Debug */ = {
			isa = XCBuildConfiguration;
			buildSettings = {
				ALWAYS_SEARCH_USER_PATHS = NO;
				CLANG_ANALYZER_NONNULL = YES;
				CLANG_ANALYZER_NUMBER_OBJECT_CONVERSION = YES_AGGRESSIVE;
				CLANG_CXX_LANGUAGE_STANDARD = "gnu++14";
				CLANG_CXX_LIBRARY = "libc++";
				CLANG_ENABLE_MODULES = YES;
				CLANG_ENABLE_OBJC_ARC = YES;
				CLANG_ENABLE_OBJC_WEAK = YES;
				CLANG_WARN_BLOCK_CAPTURE_AUTORELEASING = YES;
				CLANG_WARN_BOOL_CONVERSION = YES;
				CLANG_WARN_COMMA = YES;
				CLANG_WARN_CONSTANT_CONVERSION = YES;
				CLANG_WARN_DEPRECATED_OBJC_IMPLEMENTATIONS = YES;
				CLANG_WARN_DIRECT_OBJC_ISA_USAGE = YES_ERROR;
				CLANG_WARN_DOCUMENTATION_COMMENTS = YES;
				CLANG_WARN_EMPTY_BODY = YES;
				CLANG_WARN_ENUM_CONVERSION = YES;
				CLANG_WARN_INFINITE_RECURSION = YES;
				CLANG_WARN_INT_CONVERSION = YES;
				CLANG_WARN_NON_LITERAL_NULL_CONVERSION = YES;
				CLANG_WARN_OBJC_IMPLICIT_RETAIN_SELF = YES;
				CLANG_WARN_OBJC_LITERAL_CONVERSION = YES;
				CLANG_WARN_OBJC_ROOT_CLASS = YES_ERROR;
				CLANG_WARN_RANGE_LOOP_ANALYSIS = YES;
				CLANG_WARN_STRICT_PROTOTYPES = YES;
				CLANG_WARN_SUSPICIOUS_MOVE = YES;
				CLANG_WARN_UNGUARDED_AVAILABILITY = YES_AGGRESSIVE;
				CLANG_WARN_UNREACHABLE_CODE = YES;
				CLANG_WARN__DUPLICATE_METHOD_MATCH = YES;
				CODE_SIGN_IDENTITY = "iPhone Developer";
				COPY_PHASE_STRIP = NO;
				CURRENT_PROJECT_VERSION = 1;
				DEBUG_INFORMATION_FORMAT = dwarf;
				ENABLE_STRICT_OBJC_MSGSEND = YES;
				ENABLE_TESTABILITY = YES;
				GCC_C_LANGUAGE_STANDARD = gnu11;
				GCC_DYNAMIC_NO_PIC = NO;
				GCC_NO_COMMON_BLOCKS = YES;
				GCC_OPTIMIZATION_LEVEL = 0;
				GCC_PREPROCESSOR_DEFINITIONS = (
					"DEBUG=1",
					"$(inherited)",
				);
				GCC_WARN_64_TO_32_BIT_CONVERSION = YES;
				GCC_WARN_ABOUT_RETURN_TYPE = YES_ERROR;
				GCC_WARN_UNDECLARED_SELECTOR = YES;
				GCC_WARN_UNINITIALIZED_AUTOS = YES_AGGRESSIVE;
				GCC_WARN_UNUSED_FUNCTION = YES;
				GCC_WARN_UNUSED_VARIABLE = YES;
				IPHONEOS_DEPLOYMENT_TARGET = 12.1;
				MTL_ENABLE_DEBUG_INFO = INCLUDE_SOURCE;
				MTL_FAST_MATH = YES;
				ONLY_ACTIVE_ARCH = YES;
				SDKROOT = iphoneos;
				SWIFT_ACTIVE_COMPILATION_CONDITIONS = DEBUG;
				SWIFT_OPTIMIZATION_LEVEL = "-Onone";
				VERSIONING_SYSTEM = "apple-generic";
				VERSION_INFO_PREFIX = "";
			};
			name = Debug;
		};
		B630BD14238BEF460054C2E3 /* Release */ = {
			isa = XCBuildConfiguration;
			buildSettings = {
				ALWAYS_SEARCH_USER_PATHS = NO;
				CLANG_ANALYZER_NONNULL = YES;
				CLANG_ANALYZER_NUMBER_OBJECT_CONVERSION = YES_AGGRESSIVE;
				CLANG_CXX_LANGUAGE_STANDARD = "gnu++14";
				CLANG_CXX_LIBRARY = "libc++";
				CLANG_ENABLE_MODULES = YES;
				CLANG_ENABLE_OBJC_ARC = YES;
				CLANG_ENABLE_OBJC_WEAK = YES;
				CLANG_WARN_BLOCK_CAPTURE_AUTORELEASING = YES;
				CLANG_WARN_BOOL_CONVERSION = YES;
				CLANG_WARN_COMMA = YES;
				CLANG_WARN_CONSTANT_CONVERSION = YES;
				CLANG_WARN_DEPRECATED_OBJC_IMPLEMENTATIONS = YES;
				CLANG_WARN_DIRECT_OBJC_ISA_USAGE = YES_ERROR;
				CLANG_WARN_DOCUMENTATION_COMMENTS = YES;
				CLANG_WARN_EMPTY_BODY = YES;
				CLANG_WARN_ENUM_CONVERSION = YES;
				CLANG_WARN_INFINITE_RECURSION = YES;
				CLANG_WARN_INT_CONVERSION = YES;
				CLANG_WARN_NON_LITERAL_NULL_CONVERSION = YES;
				CLANG_WARN_OBJC_IMPLICIT_RETAIN_SELF = YES;
				CLANG_WARN_OBJC_LITERAL_CONVERSION = YES;
				CLANG_WARN_OBJC_ROOT_CLASS = YES_ERROR;
				CLANG_WARN_RANGE_LOOP_ANALYSIS = YES;
				CLANG_WARN_STRICT_PROTOTYPES = YES;
				CLANG_WARN_SUSPICIOUS_MOVE = YES;
				CLANG_WARN_UNGUARDED_AVAILABILITY = YES_AGGRESSIVE;
				CLANG_WARN_UNREACHABLE_CODE = YES;
				CLANG_WARN__DUPLICATE_METHOD_MATCH = YES;
				CODE_SIGN_IDENTITY = "iPhone Developer";
				COPY_PHASE_STRIP = NO;
				CURRENT_PROJECT_VERSION = 1;
				DEBUG_INFORMATION_FORMAT = "dwarf-with-dsym";
				ENABLE_NS_ASSERTIONS = NO;
				ENABLE_STRICT_OBJC_MSGSEND = YES;
				GCC_C_LANGUAGE_STANDARD = gnu11;
				GCC_NO_COMMON_BLOCKS = YES;
				GCC_WARN_64_TO_32_BIT_CONVERSION = YES;
				GCC_WARN_ABOUT_RETURN_TYPE = YES_ERROR;
				GCC_WARN_UNDECLARED_SELECTOR = YES;
				GCC_WARN_UNINITIALIZED_AUTOS = YES_AGGRESSIVE;
				GCC_WARN_UNUSED_FUNCTION = YES;
				GCC_WARN_UNUSED_VARIABLE = YES;
				IPHONEOS_DEPLOYMENT_TARGET = 12.1;
				MTL_ENABLE_DEBUG_INFO = NO;
				MTL_FAST_MATH = YES;
				SDKROOT = iphoneos;
				SWIFT_COMPILATION_MODE = wholemodule;
				SWIFT_OPTIMIZATION_LEVEL = "-O";
				VALIDATE_PRODUCT = YES;
				VERSIONING_SYSTEM = "apple-generic";
				VERSION_INFO_PREFIX = "";
			};
			name = Release;
		};
		B630BD16238BEF460054C2E3 /* Debug */ = {
			isa = XCBuildConfiguration;
			buildSettings = {
				CODE_SIGN_IDENTITY = "";
				CODE_SIGN_STYLE = Automatic;
				DEFINES_MODULE = YES;
				DYLIB_COMPATIBILITY_VERSION = 1;
				DYLIB_CURRENT_VERSION = 1;
				DYLIB_INSTALL_NAME_BASE = "@rpath";
				INFOPLIST_FILE = Kixr/Info.plist;
				INSTALL_PATH = "$(LOCAL_LIBRARY_DIR)/Frameworks";
				LD_RUNPATH_SEARCH_PATHS = (
					"$(inherited)",
					"@executable_path/Frameworks",
					"@loader_path/Frameworks",
				);
				PRODUCT_BUNDLE_IDENTIFIER = com.kiksarvr.Kixr;
				PRODUCT_NAME = "$(TARGET_NAME:c99extidentifier)";
				SKIP_INSTALL = YES;
				SWIFT_VERSION = 4.2;
				TARGETED_DEVICE_FAMILY = "1,2";
			};
			name = Debug;
		};
		B630BD17238BEF460054C2E3 /* Release */ = {
			isa = XCBuildConfiguration;
			buildSettings = {
				CODE_SIGN_IDENTITY = "";
				CODE_SIGN_STYLE = Automatic;
				DEFINES_MODULE = YES;
				DYLIB_COMPATIBILITY_VERSION = 1;
				DYLIB_CURRENT_VERSION = 1;
				DYLIB_INSTALL_NAME_BASE = "@rpath";
				INFOPLIST_FILE = Kixr/Info.plist;
				INSTALL_PATH = "$(LOCAL_LIBRARY_DIR)/Frameworks";
				LD_RUNPATH_SEARCH_PATHS = (
					"$(inherited)",
					"@executable_path/Frameworks",
					"@loader_path/Frameworks",
				);
				PRODUCT_BUNDLE_IDENTIFIER = com.kiksarvr.Kixr;
				PRODUCT_NAME = "$(TARGET_NAME:c99extidentifier)";
				SKIP_INSTALL = YES;
				SWIFT_VERSION = 4.2;
				TARGETED_DEVICE_FAMILY = "1,2";
			};
			name = Release;
		};
		B630BD40238BF1780054C2E3 /* Debug */ = {
			isa = XCBuildConfiguration;
			buildSettings = {
				ASSETCATALOG_COMPILER_APPICON_NAME = AppIcon;
				CODE_SIGN_STYLE = Automatic;
				INFOPLIST_FILE = KixrExample/Info.plist;
				LD_RUNPATH_SEARCH_PATHS = (
					"$(inherited)",
					"@executable_path/Frameworks",
				);
				PRODUCT_BUNDLE_IDENTIFIER = com.kiksarvr.KixrExample;
				PRODUCT_NAME = "$(TARGET_NAME)";
				SWIFT_VERSION = 4.2;
				TARGETED_DEVICE_FAMILY = "1,2";
			};
			name = Debug;
		};
		B630BD41238BF1780054C2E3 /* Release */ = {
			isa = XCBuildConfiguration;
			buildSettings = {
				ASSETCATALOG_COMPILER_APPICON_NAME = AppIcon;
				CODE_SIGN_STYLE = Automatic;
				INFOPLIST_FILE = KixrExample/Info.plist;
				LD_RUNPATH_SEARCH_PATHS = (
					"$(inherited)",
					"@executable_path/Frameworks",
				);
				PRODUCT_BUNDLE_IDENTIFIER = com.kiksarvr.KixrExample;
				PRODUCT_NAME = "$(TARGET_NAME)";
				SWIFT_VERSION = 4.2;
				TARGETED_DEVICE_FAMILY = "1,2";
			};
			name = Release;
		};
/* End XCBuildConfiguration section */

/* Begin XCConfigurationList section */
		B630BD07238BEF460054C2E3 /* Build configuration list for PBXProject "Kixr" */ = {
			isa = XCConfigurationList;
			buildConfigurations = (
				B630BD13238BEF460054C2E3 /* Debug */,
				B630BD14238BEF460054C2E3 /* Release */,
			);
			defaultConfigurationIsVisible = 0;
			defaultConfigurationName = Release;
		};
		B630BD15238BEF460054C2E3 /* Build configuration list for PBXNativeTarget "Kixr" */ = {
			isa = XCConfigurationList;
			buildConfigurations = (
				B630BD16238BEF460054C2E3 /* Debug */,
				B630BD17238BEF460054C2E3 /* Release */,
			);
			defaultConfigurationIsVisible = 0;
			defaultConfigurationName = Release;
		};
		B630BD42238BF1780054C2E3 /* Build configuration list for PBXNativeTarget "KixrExample" */ = {
			isa = XCConfigurationList;
			buildConfigurations = (
				B630BD40238BF1780054C2E3 /* Debug */,
				B630BD41238BF1780054C2E3 /* Release */,
			);
			defaultConfigurationIsVisible = 0;
			defaultConfigurationName = Release;
		};
/* End XCConfigurationList section */
	};
	rootObject = B630BD04238BEF460054C2E3 /* Project object */;
}
